
Microsoft Visual Studio Solution File, Format Version 12.00
# Visual Studio 15
Project("{FAE04EC0-301F-11D3-BF4B-00C04F79EFBC}") = "acuario.Android", "acuario.Android\acuario.Android.csproj", "{F8616B9D-2A68-4998-9098-A9B926230705}"
EndProject
Project("{FAE04EC0-301F-11D3-BF4B-00C04F79EFBC}") = "acuario.iOS", "acuario.iOS\acuario.iOS.csproj", "{2B652DCB-EA13-4DD9-9762-F1B5CC42B90C}"
EndProject
Project("{FAE04EC0-301F-11D3-BF4B-00C04F79EFBC}") = "acuario.MobileAppService", "acuario.MobileAppService\acuario.MobileAppService.csproj", "{5840E0D1-035A-420C-8DE6-1413E81760EA}"
EndProject
Project("{FAE04EC0-301F-11D3-BF4B-00C04F79EFBC}") = "acuario", "acuario\acuario.csproj", "{D395DA2F-0F4C-406C-AABA-DA2C60ABF8FD}"
EndProject
Global
	GlobalSection(SolutionConfigurationPlatforms) = preSolution
		Debug|Any CPU = Debug|Any CPU
		Release|Any CPU = Release|Any CPU
		Debug|iPhoneSimulator = Debug|iPhoneSimulator
		Release|iPhoneSimulator = Release|iPhoneSimulator
		Debug|iPhone = Debug|iPhone
		Release|iPhone = Release|iPhone
	EndGlobalSection
	GlobalSection(ProjectConfigurationPlatforms) = postSolution
		{F8616B9D-2A68-4998-9098-A9B926230705}.Debug|Any CPU.ActiveCfg = Debug|Any CPU
		{F8616B9D-2A68-4998-9098-A9B926230705}.Debug|Any CPU.Build.0 = Debug|Any CPU
		{F8616B9D-2A68-4998-9098-A9B926230705}.Release|Any CPU.ActiveCfg = Release|Any CPU
		{F8616B9D-2A68-4998-9098-A9B926230705}.Release|Any CPU.Build.0 = Release|Any CPU
		{F8616B9D-2A68-4998-9098-A9B926230705}.Debug|iPhoneSimulator.ActiveCfg = Debug|Any CPU
		{F8616B9D-2A68-4998-9098-A9B926230705}.Debug|iPhoneSimulator.Build.0 = Debug|Any CPU
		{F8616B9D-2A68-4998-9098-A9B926230705}.Release|iPhoneSimulator.ActiveCfg = Release|Any CPU
		{F8616B9D-2A68-4998-9098-A9B926230705}.Release|iPhoneSimulator.Build.0 = Release|Any CPU
		{F8616B9D-2A68-4998-9098-A9B926230705}.Debug|iPhone.ActiveCfg = Debug|Any CPU
		{F8616B9D-2A68-4998-9098-A9B926230705}.Debug|iPhone.Build.0 = Debug|Any CPU
		{F8616B9D-2A68-4998-9098-A9B926230705}.Release|iPhone.ActiveCfg = Release|Any CPU
		{F8616B9D-2A68-4998-9098-A9B926230705}.Release|iPhone.Build.0 = Release|Any CPU
		{2B652DCB-EA13-4DD9-9762-F1B5CC42B90C}.Debug|Any CPU.ActiveCfg = Debug|iPhoneSimulator
		{2B652DCB-EA13-4DD9-9762-F1B5CC42B90C}.Debug|Any CPU.Build.0 = Debug|iPhoneSimulator
		{2B652DCB-EA13-4DD9-9762-F1B5CC42B90C}.Release|Any CPU.ActiveCfg = Release|iPhoneSimulator
		{2B652DCB-EA13-4DD9-9762-F1B5CC42B90C}.Release|Any CPU.Build.0 = Release|iPhoneSimulator
		{2B652DCB-EA13-4DD9-9762-F1B5CC42B90C}.Debug|iPhoneSimulator.ActiveCfg = Debug|iPhoneSimulator
		{2B652DCB-EA13-4DD9-9762-F1B5CC42B90C}.Debug|iPhoneSimulator.Build.0 = Debug|iPhoneSimulator
		{2B652DCB-EA13-4DD9-9762-F1B5CC42B90C}.Release|iPhoneSimulator.ActiveCfg = Release|iPhoneSimulator
		{2B652DCB-EA13-4DD9-9762-F1B5CC42B90C}.Release|iPhoneSimulator.Build.0 = Release|iPhoneSimulator
		{2B652DCB-EA13-4DD9-9762-F1B5CC42B90C}.Debug|iPhone.ActiveCfg = Debug|iPhone
		{2B652DCB-EA13-4DD9-9762-F1B5CC42B90C}.Debug|iPhone.Build.0 = Debug|iPhone
		{2B652DCB-EA13-4DD9-9762-F1B5CC42B90C}.Release|iPhone.ActiveCfg = Release|iPhone
		{2B652DCB-EA13-4DD9-9762-F1B5CC42B90C}.Release|iPhone.Build.0 = Release|iPhone
		{5840E0D1-035A-420C-8DE6-1413E81760EA}.Debug|Any CPU.ActiveCfg = Debug|Any CPU
		{5840E0D1-035A-420C-8DE6-1413E81760EA}.Debug|Any CPU.Build.0 = Debug|Any CPU
		{5840E0D1-035A-420C-8DE6-1413E81760EA}.Release|Any CPU.ActiveCfg = Release|Any CPU
		{5840E0D1-035A-420C-8DE6-1413E81760EA}.Release|Any CPU.Build.0 = Release|Any CPU
		{5840E0D1-035A-420C-8DE6-1413E81760EA}.Debug|iPhoneSimulator.ActiveCfg = Debug|Any CPU
		{5840E0D1-035A-420C-8DE6-1413E81760EA}.Debug|iPhoneSimulator.Build.0 = Debug|Any CPU
		{5840E0D1-035A-420C-8DE6-1413E81760EA}.Release|iPhoneSimulator.ActiveCfg = Release|Any CPU
		{5840E0D1-035A-420C-8DE6-1413E81760EA}.Release|iPhoneSimulator.Build.0 = Release|Any CPU
		{5840E0D1-035A-420C-8DE6-1413E81760EA}.Debug|iPhone.ActiveCfg = Debug|Any CPU
		{5840E0D1-035A-420C-8DE6-1413E81760EA}.Debug|iPhone.Build.0 = Debug|Any CPU
		{5840E0D1-035A-420C-8DE6-1413E81760EA}.Release|iPhone.ActiveCfg = Release|Any CPU
		{5840E0D1-035A-420C-8DE6-1413E81760EA}.Release|iPhone.Build.0 = Release|Any CPU
		{D395DA2F-0F4C-406C-AABA-DA2C60ABF8FD}.Debug|Any CPU.ActiveCfg = Debug|Any CPU
		{D395DA2F-0F4C-406C-AABA-DA2C60ABF8FD}.Debug|Any CPU.Build.0 = Debug|Any CPU
		{D395DA2F-0F4C-406C-AABA-DA2C60ABF8FD}.Release|Any CPU.ActiveCfg = Release|Any CPU
		{D395DA2F-0F4C-406C-AABA-DA2C60ABF8FD}.Release|Any CPU.Build.0 = Release|Any CPU
		{D395DA2F-0F4C-406C-AABA-DA2C60ABF8FD}.Debug|iPhoneSimulator.ActiveCfg = Debug|Any CPU
		{D395DA2F-0F4C-406C-AABA-DA2C60ABF8FD}.Debug|iPhoneSimulator.Build.0 = Debug|Any CPU
		{D395DA2F-0F4C-406C-AABA-DA2C60ABF8FD}.Release|iPhoneSimulator.ActiveCfg = Release|Any CPU
		{D395DA2F-0F4C-406C-AABA-DA2C60ABF8FD}.Release|iPhoneSimulator.Build.0 = Release|Any CPU
		{D395DA2F-0F4C-406C-AABA-DA2C60ABF8FD}.Debug|iPhone.ActiveCfg = Debug|Any CPU
		{D395DA2F-0F4C-406C-AABA-DA2C60ABF8FD}.Debug|iPhone.Build.0 = Debug|Any CPU
		{D395DA2F-0F4C-406C-AABA-DA2C60ABF8FD}.Release|iPhone.ActiveCfg = Release|Any CPU
		{D395DA2F-0F4C-406C-AABA-DA2C60ABF8FD}.Release|iPhone.Build.0 = Release|Any CPU
	EndGlobalSection
EndGlobal
